// !$*UTF8*$!
{
	archiveVersion = 1;
	classes = {
	};
	objectVersion = 56;
	objects = {

/* Begin PBXBuildFile section */
		94DC59B52AFE9AE800F78E6E /* tiktokCloneApp.swift in Sources */ = {isa = PBXBuildFile; fileRef = 94DC59B42AFE9AE800F78E6E /* tiktokCloneApp.swift */; };
		94DC59B72AFE9AE800F78E6E /* ContentView.swift in Sources */ = {isa = PBXBuildFile; fileRef = 94DC59B62AFE9AE800F78E6E /* ContentView.swift */; };
		94DC59B92AFE9AEC00F78E6E /* Assets.xcassets in Resources */ = {isa = PBXBuildFile; fileRef = 94DC59B82AFE9AEC00F78E6E /* Assets.xcassets */; };
		94DC59BC2AFE9AEC00F78E6E /* Preview Assets.xcassets in Resources */ = {isa = PBXBuildFile; fileRef = 94DC59BB2AFE9AEC00F78E6E /* Preview Assets.xcassets */; };
		94DC59D42AFE9E6C00F78E6E /* MainTabView.swift in Sources */ = {isa = PBXBuildFile; fileRef = 94DC59D32AFE9E6C00F78E6E /* MainTabView.swift */; };
/* End PBXBuildFile section */

/* Begin PBXFileReference section */
		94DC59B12AFE9AE800F78E6E /* tiktokClone.app */ = {isa = PBXFileReference; explicitFileType = wrapper.application; includeInIndex = 0; path = tiktokClone.app; sourceTree = BUILT_PRODUCTS_DIR; };
		94DC59B42AFE9AE800F78E6E /* tiktokCloneApp.swift */ = {isa = PBXFileReference; lastKnownFileType = sourcecode.swift; path = tiktokCloneApp.swift; sourceTree = "<group>"; };
		94DC59B62AFE9AE800F78E6E /* ContentView.swift */ = {isa = PBXFileReference; lastKnownFileType = sourcecode.swift; path = ContentView.swift; sourceTree = "<group>"; };
		94DC59B82AFE9AEC00F78E6E /* Assets.xcassets */ = {isa = PBXFileReference; lastKnownFileType = folder.assetcatalog; path = Assets.xcassets; sourceTree = "<group>"; };
		94DC59BB2AFE9AEC00F78E6E /* Preview Assets.xcassets */ = {isa = PBXFileReference; lastKnownFileType = folder.assetcatalog; path = "Preview Assets.xcassets"; sourceTree = "<group>"; };
		94DC59D32AFE9E6C00F78E6E /* MainTabView.swift */ = {isa = PBXFileReference; lastKnownFileType = sourcecode.swift; path = MainTabView.swift; sourceTree = "<group>"; };
/* End PBXFileReference section */

/* Begin PBXFrameworksBuildPhase section */
		94DC59AE2AFE9AE800F78E6E /* Frameworks */ = {
			isa = PBXFrameworksBuildPhase;
			buildActionMask = 2147483647;
			files = (
			);
			runOnlyForDeploymentPostprocessing = 0;
		};
/* End PBXFrameworksBuildPhase section */

/* Begin PBXGroup section */
		94DC59A82AFE9AE800F78E6E = {
			isa = PBXGroup;
			children = (
				94DC59B32AFE9AE800F78E6E /* tiktokClone */,
				94DC59B22AFE9AE800F78E6E /* Products */,
			);
			sourceTree = "<group>";
		};
		94DC59B22AFE9AE800F78E6E /* Products */ = {
			isa = PBXGroup;
			children = (
				94DC59B12AFE9AE800F78E6E /* tiktokClone.app */,
			);
			name = Products;
			sourceTree = "<group>";
		};
		94DC59B32AFE9AE800F78E6E /* tiktokClone */ = {
			isa = PBXGroup;
			children = (
				94DC59C82AFE9B2C00F78E6E /* App */,
				94DC59C72AFE9B2800F78E6E /* Core */,
				94DC59C62AFE9B2400F78E6E /* Extensions */,
				94DC59C52AFE9B1F00F78E6E /* Model */,
				94DC59C42AFE9B1900F78E6E /* Services */,
				94DC59C22AFE9B0B00F78E6E /* Utils */,
				94DC59B82AFE9AEC00F78E6E /* Assets.xcassets */,
				94DC59BA2AFE9AEC00F78E6E /* Preview Content */,
			);
			path = tiktokClone;
			sourceTree = "<group>";
		};
		94DC59BA2AFE9AEC00F78E6E /* Preview Content */ = {
			isa = PBXGroup;
			children = (
				94DC59BB2AFE9AEC00F78E6E /* Preview Assets.xcassets */,
			);
			path = "Preview Content";
			sourceTree = "<group>";
		};
		94DC59C22AFE9B0B00F78E6E /* Utils */ = {
			isa = PBXGroup;
			children = (
			);
			path = Utils;
			sourceTree = "<group>";
		};
		94DC59C42AFE9B1900F78E6E /* Services */ = {
			isa = PBXGroup;
			children = (
			);
			path = Services;
			sourceTree = "<group>";
		};
		94DC59C52AFE9B1F00F78E6E /* Model */ = {
			isa = PBXGroup;
			children = (
			);
			path = Model;
			sourceTree = "<group>";
		};
		94DC59C62AFE9B2400F78E6E /* Extensions */ = {
			isa = PBXGroup;
			children = (
			);
			path = Extensions;
			sourceTree = "<group>";
		};
		94DC59C72AFE9B2800F78E6E /* Core */ = {
			isa = PBXGroup;
			children = (
				94DC59D22AFE9B9100F78E6E /* Authentication */,
				94DC59D12AFE9B8E00F78E6E /* Comments */,
				94DC59D02AFE9B8C00F78E6E /* Components */,
				94DC59CF2AFE9B8A00F78E6E /* Feed */,
				94DC59CE2AFE9B8800F78E6E /* Notifications */,
				94DC59CD2AFE9B8600F78E6E /* Profile */,
				94DC59CC2AFE9B8400F78E6E /* Root */,
				94DC59CB2AFE9B8200F78E6E /* Search */,
				94DC59CA2AFE9B7E00F78E6E /* tabBar */,
				94DC59C92AFE9B6C00F78E6E /* UploadMedia */,
			);
			path = Core;
			sourceTree = "<group>";
		};
		94DC59C82AFE9B2C00F78E6E /* App */ = {
			isa = PBXGroup;
			children = (
				94DC59B42AFE9AE800F78E6E /* tiktokCloneApp.swift */,
			);
			path = App;
			sourceTree = "<group>";
		};
		94DC59C92AFE9B6C00F78E6E /* UploadMedia */ = {
			isa = PBXGroup;
			children = (
			);
			path = UploadMedia;
			sourceTree = "<group>";
		};
		94DC59CA2AFE9B7E00F78E6E /* tabBar */ = {
			isa = PBXGroup;
			children = (
				94DC59D32AFE9E6C00F78E6E /* MainTabView.swift */,
			);
			path = tabBar;
			sourceTree = "<group>";
		};
		94DC59CB2AFE9B8200F78E6E /* Search */ = {
			isa = PBXGroup;
			children = (
			);
			path = Search;
			sourceTree = "<group>";
		};
		94DC59CC2AFE9B8400F78E6E /* Root */ = {
			isa = PBXGroup;
			children = (
				94DC59B62AFE9AE800F78E6E /* ContentView.swift */,
			);
			path = Root;
			sourceTree = "<group>";
		};
		94DC59CD2AFE9B8600F78E6E /* Profile */ = {
			isa = PBXGroup;
			children = (
			);
			path = Profile;
			sourceTree = "<group>";
		};
		94DC59CE2AFE9B8800F78E6E /* Notifications */ = {
			isa = PBXGroup;
			children = (
			);
			path = Notifications;
			sourceTree = "<group>";
		};
		94DC59CF2AFE9B8A00F78E6E /* Feed */ = {
			isa = PBXGroup;
			children = (
			);
			path = Feed;
			sourceTree = "<group>";
		};
		94DC59D02AFE9B8C00F78E6E /* Components */ = {
			isa = PBXGroup;
			children = (
			);
			path = Components;
			sourceTree = "<group>";
		};
		94DC59D12AFE9B8E00F78E6E /* Comments */ = {
			isa = PBXGroup;
			children = (
			);
			path = Comments;
			sourceTree = "<group>";
		};
		94DC59D22AFE9B9100F78E6E /* Authentication */ = {
			isa = PBXGroup;
			children = (
			);
			path = Authentication;
			sourceTree = "<group>";
		};
/* End PBXGroup section */

/* Begin PBXNativeTarget section */
		94DC59B02AFE9AE800F78E6E /* tiktokClone */ = {
			isa = PBXNativeTarget;
			buildConfigurationList = 94DC59BF2AFE9AEC00F78E6E /* Build configuration list for PBXNativeTarget "tiktokClone" */;
			buildPhases = (
				94DC59AD2AFE9AE800F78E6E /* Sources */,
				94DC59AE2AFE9AE800F78E6E /* Frameworks */,
				94DC59AF2AFE9AE800F78E6E /* Resources */,
			);
			buildRules = (
			);
			dependencies = (
			);
			name = tiktokClone;
			productName = tiktokClone;
			productReference = 94DC59B12AFE9AE800F78E6E /* tiktokClone.app */;
			productType = "com.apple.product-type.application";
		};
/* End PBXNativeTarget section */

/* Begin PBXProject section */
		94DC59A92AFE9AE800F78E6E /* Project object */ = {
			isa = PBXProject;
			attributes = {
				BuildIndependentTargetsInParallel = 1;
				LastSwiftUpdateCheck = 1500;
				LastUpgradeCheck = 1500;
				TargetAttributes = {
					94DC59B02AFE9AE800F78E6E = {
						CreatedOnToolsVersion = 15.0;
					};
				};
			};
			buildConfigurationList = 94DC59AC2AFE9AE800F78E6E /* Build configuration list for PBXProject "tiktokClone" */;
			compatibilityVersion = "Xcode 14.0";
			developmentRegion = en;
			hasScannedForEncodings = 0;
			knownRegions = (
				en,
				Base,
			);
			mainGroup = 94DC59A82AFE9AE800F78E6E;
			productRefGroup = 94DC59B22AFE9AE800F78E6E /* Products */;
			projectDirPath = "";
			projectRoot = "";
			targets = (
				94DC59B02AFE9AE800F78E6E /* tiktokClone */,
			);
		};
/* End PBXProject section */

/* Begin PBXResourcesBuildPhase section */
		94DC59AF2AFE9AE800F78E6E /* Resources */ = {
			isa = PBXResourcesBuildPhase;
			buildActionMask = 2147483647;
			files = (
				94DC59BC2AFE9AEC00F78E6E /* Preview Assets.xcassets in Resources */,
				94DC59B92AFE9AEC00F78E6E /* Assets.xcassets in Resources */,
			);
			runOnlyForDeploymentPostprocessing = 0;
		};
/* End PBXResourcesBuildPhase section */

/* Begin PBXSourcesBuildPhase section */
		94DC59AD2AFE9AE800F78E6E /* Sources */ = {
			isa = PBXSourcesBuildPhase;
			buildActionMask = 2147483647;
			files = (
				94DC59B72AFE9AE800F78E6E /* ContentView.swift in Sources */,
				94DC59B52AFE9AE800F78E6E /* tiktokCloneApp.swift in Sources */,
				94DC59D42AFE9E6C00F78E6E /* MainTabView.swift in Sources */,
			);
			runOnlyForDeploymentPostprocessing = 0;
		};
/* End PBXSourcesBuildPhase section */

/* Begin XCBuildConfiguration section */
		94DC59BD2AFE9AEC00F78E6E /* Debug */ = {
			isa = XCBuildConfiguration;
			buildSettings = {
				ALWAYS_SEARCH_USER_PATHS = NO;
				ASSETCATALOG_COMPILER_GENERATE_SWIFT_ASSET_SYMBOL_EXTENSIONS = YES;
				CLANG_ANALYZER_NONNULL = YES;
				CLANG_ANALYZER_NUMBER_OBJECT_CONVERSION = YES_AGGRESSIVE;
				CLANG_CXX_LANGUAGE_STANDARD = "gnu++20";
				CLANG_ENABLE_MODULES = YES;
				CLANG_ENABLE_OBJC_ARC = YES;
				CLANG_ENABLE_OBJC_WEAK = YES;
				CLANG_WARN_BLOCK_CAPTURE_AUTORELEASING = YES;
				CLANG_WARN_BOOL_CONVERSION = YES;
				CLANG_WARN_COMMA = YES;
				CLANG_WARN_CONSTANT_CONVERSION = YES;
				CLANG_WARN_DEPRECATED_OBJC_IMPLEMENTATIONS = YES;
				CLANG_WARN_DIRECT_OBJC_ISA_USAGE = YES_ERROR;
				CLANG_WARN_DOCUMENTATION_COMMENTS = YES;
				CLANG_WARN_EMPTY_BODY = YES;
				CLANG_WARN_ENUM_CONVERSION = YES;
				CLANG_WARN_INFINITE_RECURSION = YES;
				CLANG_WARN_INT_CONVERSION = YES;
				CLANG_WARN_NON_LITERAL_NULL_CONVERSION = YES;
				CLANG_WARN_OBJC_IMPLICIT_RETAIN_SELF = YES;
				CLANG_WARN_OBJC_LITERAL_CONVERSION = YES;
				CLANG_WARN_OBJC_ROOT_CLASS = YES_ERROR;
				CLANG_WARN_QUOTED_INCLUDE_IN_FRAMEWORK_HEADER = YES;
				CLANG_WARN_RANGE_LOOP_ANALYSIS = YES;
				CLANG_WARN_STRICT_PROTOTYPES = YES;
				CLANG_WARN_SUSPICIOUS_MOVE = YES;
				CLANG_WARN_UNGUARDED_AVAILABILITY = YES_AGGRESSIVE;
				CLANG_WARN_UNREACHABLE_CODE = YES;
				CLANG_WARN__DUPLICATE_METHOD_MATCH = YES;
				COPY_PHASE_STRIP = NO;
				DEBUG_INFORMATION_FORMAT = dwarf;
				ENABLE_STRICT_OBJC_MSGSEND = YES;
				ENABLE_TESTABILITY = YES;
				ENABLE_USER_SCRIPT_SANDBOXING = YES;
				GCC_C_LANGUAGE_STANDARD = gnu17;
				GCC_DYNAMIC_NO_PIC = NO;
				GCC_NO_COMMON_BLOCKS = YES;
				GCC_OPTIMIZATION_LEVEL = 0;
				GCC_PREPROCESSOR_DEFINITIONS = (
					"DEBUG=1",
					"$(inherited)",
				);
				GCC_WARN_64_TO_32_BIT_CONVERSION = YES;
				GCC_WARN_ABOUT_RETURN_TYPE = YES_ERROR;
				GCC_WARN_UNDECLARED_SELECTOR = YES;
				GCC_WARN_UNINITIALIZED_AUTOS = YES_AGGRESSIVE;
				GCC_WARN_UNUSED_FUNCTION = YES;
				GCC_WARN_UNUSED_VARIABLE = YES;
				IPHONEOS_DEPLOYMENT_TARGET = 17.0;
				LOCALIZATION_PREFERS_STRING_CATALOGS = YES;
				MTL_ENABLE_DEBUG_INFO = INCLUDE_SOURCE;
				MTL_FAST_MATH = YES;
				ONLY_ACTIVE_ARCH = YES;
				SDKROOT = iphoneos;
				SWIFT_ACTIVE_COMPILATION_CONDITIONS = "DEBUG $(inherited)";
				SWIFT_OPTIMIZATION_LEVEL = "-Onone";
			};
			name = Debug;
		};
		94DC59BE2AFE9AEC00F78E6E /* Release */ = {
			isa = XCBuildConfiguration;
			buildSettings = {
				ALWAYS_SEARCH_USER_PATHS = NO;
				ASSETCATALOG_COMPILER_GENERATE_SWIFT_ASSET_SYMBOL_EXTENSIONS = YES;
				CLANG_ANALYZER_NONNULL = YES;
				CLANG_ANALYZER_NUMBER_OBJECT_CONVERSION = YES_AGGRESSIVE;
				CLANG_CXX_LANGUAGE_STANDARD = "gnu++20";
				CLANG_ENABLE_MODULES = YES;
				CLANG_ENABLE_OBJC_ARC = YES;
				CLANG_ENABLE_OBJC_WEAK = YES;
				CLANG_WARN_BLOCK_CAPTURE_AUTORELEASING = YES;
				CLANG_WARN_BOOL_CONVERSION = YES;
				CLANG_WARN_COMMA = YES;
				CLANG_WARN_CONSTANT_CONVERSION = YES;
				CLANG_WARN_DEPRECATED_OBJC_IMPLEMENTATIONS = YES;
				CLANG_WARN_DIRECT_OBJC_ISA_USAGE = YES_ERROR;
				CLANG_WARN_DOCUMENTATION_COMMENTS = YES;
				CLANG_WARN_EMPTY_BODY = YES;
				CLANG_WARN_ENUM_CONVERSION = YES;
				CLANG_WARN_INFINITE_RECURSION = YES;
				CLANG_WARN_INT_CONVERSION = YES;
				CLANG_WARN_NON_LITERAL_NULL_CONVERSION = YES;
				CLANG_WARN_OBJC_IMPLICIT_RETAIN_SELF = YES;
				CLANG_WARN_OBJC_LITERAL_CONVERSION = YES;
				CLANG_WARN_OBJC_ROOT_CLASS = YES_ERROR;
				CLANG_WARN_QUOTED_INCLUDE_IN_FRAMEWORK_HEADER = YES;
				CLANG_WARN_RANGE_LOOP_ANALYSIS = YES;
				CLANG_WARN_STRICT_PROTOTYPES = YES;
				CLANG_WARN_SUSPICIOUS_MOVE = YES;
				CLANG_WARN_UNGUARDED_AVAILABILITY = YES_AGGRESSIVE;
				CLANG_WARN_UNREACHABLE_CODE = YES;
				CLANG_WARN__DUPLICATE_METHOD_MATCH = YES;
				COPY_PHASE_STRIP = NO;
				DEBUG_INFORMATION_FORMAT = "dwarf-with-dsym";
				ENABLE_NS_ASSERTIONS = NO;
				ENABLE_STRICT_OBJC_MSGSEND = YES;
				ENABLE_USER_SCRIPT_SANDBOXING = YES;
				GCC_C_LANGUAGE_STANDARD = gnu17;
				GCC_NO_COMMON_BLOCKS = YES;
				GCC_WARN_64_TO_32_BIT_CONVERSION = YES;
				GCC_WARN_ABOUT_RETURN_TYPE = YES_ERROR;
				GCC_WARN_UNDECLARED_SELECTOR = YES;
				GCC_WARN_UNINITIALIZED_AUTOS = YES_AGGRESSIVE;
				GCC_WARN_UNUSED_FUNCTION = YES;
				GCC_WARN_UNUSED_VARIABLE = YES;
				IPHONEOS_DEPLOYMENT_TARGET = 17.0;
				LOCALIZATION_PREFERS_STRING_CATALOGS = YES;
				MTL_ENABLE_DEBUG_INFO = NO;
				MTL_FAST_MATH = YES;
				SDKROOT = iphoneos;
				SWIFT_COMPILATION_MODE = wholemodule;
				VALIDATE_PRODUCT = YES;
			};
			name = Release;
		};
		94DC59C02AFE9AEC00F78E6E /* Debug */ = {
			isa = XCBuildConfiguration;
			buildSettings = {
				ASSETCATALOG_COMPILER_APPICON_NAME = AppIcon;
				ASSETCATALOG_COMPILER_GLOBAL_ACCENT_COLOR_NAME = AccentColor;
				CODE_SIGN_STYLE = Automatic;
				CURRENT_PROJECT_VERSION = 1;
				DEVELOPMENT_ASSET_PATHS = "\"tiktokClone/Preview Content\"";
				ENABLE_PREVIEWS = YES;
				GENERATE_INFOPLIST_FILE = YES;
				INFOPLIST_KEY_UIApplicationSceneManifest_Generation = YES;
				INFOPLIST_KEY_UIApplicationSupportsIndirectInputEvents = YES;
				INFOPLIST_KEY_UILaunchScreen_Generation = YES;
				INFOPLIST_KEY_UISupportedInterfaceOrientations_iPad = "UIInterfaceOrientationPortrait UIInterfaceOrientationPortraitUpsideDown UIInterfaceOrientationLandscapeLeft UIInterfaceOrientationLandscapeRight";
				INFOPLIST_KEY_UISupportedInterfaceOrientations_iPhone = "UIInterfaceOrientationPortrait UIInterfaceOrientationLandscapeLeft UIInterfaceOrientationLandscapeRight";
				LD_RUNPATH_SEARCH_PATHS = (
					"$(inherited)",
					"@executable_path/Frameworks",
				);
				MARKETING_VERSION = 1.0;
				PRODUCT_BUNDLE_IDENTIFIER = com.lucasnewlands.tiktokClone;
				PRODUCT_NAME = "$(TARGET_NAME)";
				SWIFT_EMIT_LOC_STRINGS = YES;
				SWIFT_VERSION = 5.0;
				TARGETED_DEVICE_FAMILY = "1,2";
			};
			name = Debug;
		};
		94DC59C12AFE9AEC00F78E6E /* Release */ = {
			isa = XCBuildConfiguration;
			buildSettings = {
				ASSETCATALOG_COMPILER_APPICON_NAME = AppIcon;
				ASSETCATALOG_COMPILER_GLOBAL_ACCENT_COLOR_NAME = AccentColor;
				CODE_SIGN_STYLE = Automatic;
				CURRENT_PROJECT_VERSION = 1;
				DEVELOPMENT_ASSET_PATHS = "\"tiktokClone/Preview Content\"";
				ENABLE_PREVIEWS = YES;
				GENERATE_INFOPLIST_FILE = YES;
				INFOPLIST_KEY_UIApplicationSceneManifest_Generation = YES;
				INFOPLIST_KEY_UIApplicationSupportsIndirectInputEvents = YES;
				INFOPLIST_KEY_UILaunchScreen_Generation = YES;
				INFOPLIST_KEY_UISupportedInterfaceOrientations_iPad = "UIInterfaceOrientationPortrait UIInterfaceOrientationPortraitUpsideDown UIInterfaceOrientationLandscapeLeft UIInterfaceOrientationLandscapeRight";
				INFOPLIST_KEY_UISupportedInterfaceOrientations_iPhone = "UIInterfaceOrientationPortrait UIInterfaceOrientationLandscapeLeft UIInterfaceOrientationLandscapeRight";
				LD_RUNPATH_SEARCH_PATHS = (
					"$(inherited)",
					"@executable_path/Frameworks",
				);
				MARKETING_VERSION = 1.0;
				PRODUCT_BUNDLE_IDENTIFIER = com.lucasnewlands.tiktokClone;
				PRODUCT_NAME = "$(TARGET_NAME)";
				SWIFT_EMIT_LOC_STRINGS = YES;
				SWIFT_VERSION = 5.0;
				TARGETED_DEVICE_FAMILY = "1,2";
			};
			name = Release;
		};
/* End XCBuildConfiguration section */

/* Begin XCConfigurationList section */
		94DC59AC2AFE9AE800F78E6E /* Build configuration list for PBXProject "tiktokClone" */ = {
			isa = XCConfigurationList;
			buildConfigurations = (
				94DC59BD2AFE9AEC00F78E6E /* Debug */,
				94DC59BE2AFE9AEC00F78E6E /* Release */,
			);
			defaultConfigurationIsVisible = 0;
			defaultConfigurationName = Release;
		};
		94DC59BF2AFE9AEC00F78E6E /* Build configuration list for PBXNativeTarget "tiktokClone" */ = {
			isa = XCConfigurationList;
			buildConfigurations = (
				94DC59C02AFE9AEC00F78E6E /* Debug */,
				94DC59C12AFE9AEC00F78E6E /* Release */,
			);
			defaultConfigurationIsVisible = 0;
			defaultConfigurationName = Release;
		};
/* End XCConfigurationList section */
	};
	rootObject = 94DC59A92AFE9AE800F78E6E /* Project object */;
}
